
Microsoft Visual Studio Solution File, Format Version 12.00
# Visual Studio Version 16
VisualStudioVersion = 16.0.29418.71
MinimumVisualStudioVersion = 10.0.40219.1
Project("{8BC9CEB8-8B4A-11D0-8D11-00A0C91BC942}") = "ConsoleApplication2", "ConsoleApplication2\ConsoleApplication2.vcxproj", "{D82A39DE-DA86-4F53-A609-8F36B684479C}"
EndProject
Global
	GlobalSection(SolutionConfigurationPlatforms) = preSolution
		Debug|x64 = Debug|x64
		Debug|x86 = Debug|x86
		Release|x64 = Release|x64
		Release|x86 = Release|x86
	EndGlobalSection
	GlobalSection(ProjectConfigurationPlatforms) = postSolution
		{D82A39DE-DA86-4F53-A609-8F36B684479C}.Debug|x64.ActiveCfg = Debug|x64
		{D82A39DE-DA86-4F53-A609-8F36B684479C}.Debug|x64.Build.0 = Debug|x64
		{D82A39DE-DA86-4F53-A609-8F36B684479C}.Debug|x86.ActiveCfg = Debug|Win32
		{D82A39DE-DA86-4F53-A609-8F36B684479C}.Debug|x86.Build.0 = Debug|Win32
		{D82A39DE-DA86-4F53-A609-8F36B684479C}.Release|x64.ActiveCfg = Release|x64
		{D82A39DE-DA86-4F53-A609-8F36B684479C}.Release|x64.Build.0 = Release|x64
		{D82A39DE-DA86-4F53-A609-8F36B684479C}.Release|x86.ActiveCfg = Release|Win32
		{D82A39DE-DA86-4F53-A609-8F36B684479C}.Release|x86.Build.0 = Release|Win32
	EndGlobalSection
	GlobalSection(SolutionProperties) = preSolution
		HideSolutionNode = FALSE
	EndGlobalSection
	GlobalSection(ExtensibilityGlobals) = postSolution
		SolutionGuid = {DA3EA8D5-EC3A-4D3D-BDA6-42FB190A3418}
	EndGlobalSection
EndGlobal
